
Microsoft Visual Studio Solution File, Format Version 12.00
# Visual Studio Version 17
VisualStudioVersion = 17.5.33516.290
MinimumVisualStudioVersion = 10.0.40219.1
Project("{FAE04EC0-301F-11D3-BF4B-00C04F79EFBC}") = "EmployeeMAnagementSystem", "EmployeeMAnagementSystem\EmployeeMAnagementSystem.csproj", "{52188830-2256-43A6-82EC-EBD9CC444687}"
EndProject
Global
	GlobalSection(SolutionConfigurationPlatforms) = preSolution
		Debug|Any CPU = Debug|Any CPU
		Release|Any CPU = Release|Any CPU
	EndGlobalSection
	GlobalSection(ProjectConfigurationPlatforms) = postSolution
		{52188830-2256-43A6-82EC-EBD9CC444687}.Debug|Any CPU.ActiveCfg = Debug|Any CPU
		{52188830-2256-43A6-82EC-EBD9CC444687}.Debug|Any CPU.Build.0 = Debug|Any CPU
		{52188830-2256-43A6-82EC-EBD9CC444687}.Release|Any CPU.ActiveCfg = Release|Any CPU
		{52188830-2256-43A6-82EC-EBD9CC444687}.Release|Any CPU.Build.0 = Release|Any CPU
	EndGlobalSection
	GlobalSection(SolutionProperties) = preSolution
		HideSolutionNode = FALSE
	EndGlobalSection
	GlobalSection(ExtensibilityGlobals) = postSolution
		SolutionGuid = {0860C7E2-1679-4791-AE32-5A9DFFCE8A3E}
	EndGlobalSection
EndGlobal
